{
  "name": "extension-chrome",
  "version": "1.0.0",
  "lockfileVersion": 1,
  "requires": true,
  "dependencies": {
    "chrome-promise": {
      "version": "2.1.2",
      "resolved": "https://registry.npmjs.org/chrome-promise/-/chrome-promise-2.1.2.tgz",
      "integrity": "sha512-FJlK4wUOi6BT1txBwJJOEdOsPMRazl6FnvrcN97D1T+TRCf7+fvSTLIdKA/p17yJ4bdhZ9LpsQQc4N/Ov4jFOw=="
    }
  }
}
